schema: '2.0'
stages:
  data_ingestion:
    cmd: python -m src.data_ingestion
    deps:
    - path: src/data_ingestion.py
      hash: md5
      md5: 54df7add67aa1752b84e63a8b426207c
      size: 2355
    outs:
    - path: local_Storage/data/raw/
      hash: md5
      md5: 04ac6569b9e21bcea22247531fa67a03.dir
      size: 96281
      nfiles: 1
  data_preprocessing:
    cmd: python -m src.data_preprocessing
    deps:
    - path: local_Storage/data/raw/raw_data.csv
      hash: md5
      md5: 0960bb7e14c0927c6edab4251c2509be
      size: 96281
    - path: src/data_preprocessing.py
      hash: md5
      md5: df32855fe16a8b980578761ddb3d8927
      size: 4778
    params:
      params.yaml:
        data_preprocessing.test_size: 0.15
    outs:
    - path: local_Storage/data/processed/test.csv
      hash: md5
      md5: 602732159b47aac92735ed856a7e2856
      size: 48320
    - path: local_Storage/data/processed/train.csv
      hash: md5
      md5: 31f6dff19978a9ec4ec73c9ae14b282c
      size: 273964
    - path: local_Storage/models/label_encoder.pkl
      hash: md5
      md5: 23b05ede426c61da52bd115d06bc4ab4
      size: 496
    - path: local_Storage/models/preprocessing_pipeline.pkl
      hash: md5
      md5: 00cfa26994350459ea7d5e67ae615590
      size: 3250
  model_training:
    cmd: python -m src.model_training
    deps:
    - path: local_Storage/data/processed/train.csv
      hash: md5
      md5: 31f6dff19978a9ec4ec73c9ae14b282c
      size: 273964
    - path: src/model_training.py
      hash: md5
      md5: 13ac9885ecb42737fe78e31877fda50a
      size: 2610
    params:
      params.yaml:
        model_training.logistic_regression.C: 0.01
        model_training.logistic_regression.penalty: l1
        model_training.logistic_regression.solver: liblinear
        model_training.model_type: svc
        model_training.svc.C: 0.01
        model_training.svc.kernel: rbf
    outs:
    - path: local_Storage/models/trained_model.pkl
      hash: md5
      md5: dc66ae91d86fecff1236b8ea04ae6e36
      size: 65989
  model_evaluation:
    cmd: python -m src.model_evaluation
    deps:
    - path: local_Storage/data/processed/test.csv
      hash: md5
      md5: 602732159b47aac92735ed856a7e2856
      size: 48320
    - path: local_Storage/models/trained_model.pkl
      hash: md5
      md5: dc66ae91d86fecff1236b8ea04ae6e36
      size: 65989
    - path: src/model_evaluation.py
      hash: md5
      md5: 18820f3a436b4f80789f899102147cad
      size: 5281
    params:
      params.yaml:
        model_training.model_type: svc
    outs:
    - path: local_Storage/metrics/metrics.json
      hash: md5
      md5: 544f771fdbf2c17c58e10a06c6105c26
      size: 150
    - path: local_Storage/model_info/model_info.json
      hash: md5
      md5: 6e61250a9e862aeffea0ee7278e4cfbc
      size: 99
  model_registy:
    cmd: python -m src.model_registry
    deps:
    - path: local_Storage/model_info/model_info.json
      hash: md5
      md5: 6e61250a9e862aeffea0ee7278e4cfbc
      size: 99
    - path: src/model_registry.py
      hash: md5
      md5: d621767b49340ccde03709bde45e88d2
      size: 2412
